
Microsoft Visual Studio Solution File, Format Version 12.00
# Visual Studio 15
VisualStudioVersion = 15.0.27004.2009
MinimumVisualStudioVersion = 10.0.40219.1
Project("{9A19103F-16F7-4668-BE54-9A1E7A4F7556}") = "F84396_LibraryCMS", "F84396_LibraryCMS\F84396_LibraryCMS.csproj", "{45862963-BC24-4A1C-9C05-27E3F976D002}"
EndProject
Project("{9A19103F-16F7-4668-BE54-9A1E7A4F7556}") = "CMSLibraryData", "CMSLibraryData\CMSLibraryData.csproj", "{269C0151-D328-4154-BC4A-F2D6E734B1C7}"
EndProject
Project("{FAE04EC0-301F-11D3-BF4B-00C04F79EFBC}") = "CMSLibraryServices", "CMSLibraryServices\CMSLibraryServices.csproj", "{39EACFE6-2A97-4BFA-9F7D-331A0A82E6CF}"
EndProject
Global
	GlobalSection(SolutionConfigurationPlatforms) = preSolution
		Debug|Any CPU = Debug|Any CPU
		Release|Any CPU = Release|Any CPU
	EndGlobalSection
	GlobalSection(ProjectConfigurationPlatforms) = postSolution
		{45862963-BC24-4A1C-9C05-27E3F976D002}.Debug|Any CPU.ActiveCfg = Debug|Any CPU
		{45862963-BC24-4A1C-9C05-27E3F976D002}.Debug|Any CPU.Build.0 = Debug|Any CPU
		{45862963-BC24-4A1C-9C05-27E3F976D002}.Release|Any CPU.ActiveCfg = Release|Any CPU
		{45862963-BC24-4A1C-9C05-27E3F976D002}.Release|Any CPU.Build.0 = Release|Any CPU
		{269C0151-D328-4154-BC4A-F2D6E734B1C7}.Debug|Any CPU.ActiveCfg = Debug|Any CPU
		{269C0151-D328-4154-BC4A-F2D6E734B1C7}.Debug|Any CPU.Build.0 = Debug|Any CPU
		{269C0151-D328-4154-BC4A-F2D6E734B1C7}.Release|Any CPU.ActiveCfg = Release|Any CPU
		{269C0151-D328-4154-BC4A-F2D6E734B1C7}.Release|Any CPU.Build.0 = Release|Any CPU
		{39EACFE6-2A97-4BFA-9F7D-331A0A82E6CF}.Debug|Any CPU.ActiveCfg = Debug|Any CPU
		{39EACFE6-2A97-4BFA-9F7D-331A0A82E6CF}.Debug|Any CPU.Build.0 = Debug|Any CPU
		{39EACFE6-2A97-4BFA-9F7D-331A0A82E6CF}.Release|Any CPU.ActiveCfg = Release|Any CPU
		{39EACFE6-2A97-4BFA-9F7D-331A0A82E6CF}.Release|Any CPU.Build.0 = Release|Any CPU
	EndGlobalSection
	GlobalSection(SolutionProperties) = preSolution
		HideSolutionNode = FALSE
	EndGlobalSection
	GlobalSection(ExtensibilityGlobals) = postSolution
		SolutionGuid = {49C454A5-FC80-453B-9350-F85377843CD4}
	EndGlobalSection
EndGlobal
